// !$*UTF8*$!
{
	archiveVersion = 1;
	classes = {
	};
	objectVersion = 46;
	objects = {

/* Begin PBXBuildFile section */
		9E3144831DD9E72700342EBB /* Alamofire.framework in Frameworks */ = {isa = PBXBuildFile; fileRef = 9E3144821DD9E72700342EBB /* Alamofire.framework */; };
		9E3144841DD9E72700342EBB /* Alamofire.framework in Embed Frameworks */ = {isa = PBXBuildFile; fileRef = 9E3144821DD9E72700342EBB /* Alamofire.framework */; settings = {ATTRIBUTES = (CodeSignOnCopy, RemoveHeadersOnCopy, ); }; };
		9E3144861DDA144900342EBB /* AlamofireImage.framework in Frameworks */ = {isa = PBXBuildFile; fileRef = 9E3144851DDA144900342EBB /* AlamofireImage.framework */; };
		9E3144871DDA144900342EBB /* AlamofireImage.framework in Embed Frameworks */ = {isa = PBXBuildFile; fileRef = 9E3144851DDA144900342EBB /* AlamofireImage.framework */; settings = {ATTRIBUTES = (CodeSignOnCopy, RemoveHeadersOnCopy, ); }; };
		9E5F9DF01DD9BFEF00FE0F4B /* AppDelegate.swift in Sources */ = {isa = PBXBuildFile; fileRef = 9E5F9DEF1DD9BFEF00FE0F4B /* AppDelegate.swift */; };
		9E5F9DF21DD9BFEF00FE0F4B /* ViewController.swift in Sources */ = {isa = PBXBuildFile; fileRef = 9E5F9DF11DD9BFEF00FE0F4B /* ViewController.swift */; };
		9E5F9DF51DD9BFEF00FE0F4B /* Main.storyboard in Resources */ = {isa = PBXBuildFile; fileRef = 9E5F9DF31DD9BFEF00FE0F4B /* Main.storyboard */; };
		9E5F9DF71DD9BFEF00FE0F4B /* Assets.xcassets in Resources */ = {isa = PBXBuildFile; fileRef = 9E5F9DF61DD9BFEF00FE0F4B /* Assets.xcassets */; };
		9E5F9DFA1DD9BFEF00FE0F4B /* LaunchScreen.storyboard in Resources */ = {isa = PBXBuildFile; fileRef = 9E5F9DF81DD9BFEF00FE0F4B /* LaunchScreen.storyboard */; };
		9E5F9E0B1DD9C8E400FE0F4B /* VisualRecognitionV3.framework in Frameworks */ = {isa = PBXBuildFile; fileRef = 9E5F9E0A1DD9C8E400FE0F4B /* VisualRecognitionV3.framework */; };
		9E5F9E0C1DD9C8E400FE0F4B /* VisualRecognitionV3.framework in Embed Frameworks */ = {isa = PBXBuildFile; fileRef = 9E5F9E0A1DD9C8E400FE0F4B /* VisualRecognitionV3.framework */; settings = {ATTRIBUTES = (CodeSignOnCopy, RemoveHeadersOnCopy, ); }; };
		9E5F9E0F1DD9C92500FE0F4B /* RestKit.framework in Frameworks */ = {isa = PBXBuildFile; fileRef = 9E5F9E0E1DD9C92500FE0F4B /* RestKit.framework */; };
		9E5F9E101DD9C92500FE0F4B /* RestKit.framework in Embed Frameworks */ = {isa = PBXBuildFile; fileRef = 9E5F9E0E1DD9C92500FE0F4B /* RestKit.framework */; settings = {ATTRIBUTES = (CodeSignOnCopy, RemoveHeadersOnCopy, ); }; };
/* End PBXBuildFile section */

/* Begin PBXCopyFilesBuildPhase section */
		9E5F9E0D1DD9C8E400FE0F4B /* Embed Frameworks */ = {
			isa = PBXCopyFilesBuildPhase;
			buildActionMask = 2147483647;
			dstPath = "";
			dstSubfolderSpec = 10;
			files = (
				9E5F9E0C1DD9C8E400FE0F4B /* VisualRecognitionV3.framework in Embed Frameworks */,
				9E3144841DD9E72700342EBB /* Alamofire.framework in Embed Frameworks */,
				9E5F9E101DD9C92500FE0F4B /* RestKit.framework in Embed Frameworks */,
				9E3144871DDA144900342EBB /* AlamofireImage.framework in Embed Frameworks */,
			);
			name = "Embed Frameworks";
			runOnlyForDeploymentPostprocessing = 0;
		};
/* End PBXCopyFilesBuildPhase section */

/* Begin PBXFileReference section */
		9E3144821DD9E72700342EBB /* Alamofire.framework */ = {isa = PBXFileReference; lastKnownFileType = wrapper.framework; name = Alamofire.framework; path = Carthage/Build/iOS/Alamofire.framework; sourceTree = "<group>"; };
		9E3144851DDA144900342EBB /* AlamofireImage.framework */ = {isa = PBXFileReference; lastKnownFileType = wrapper.framework; name = AlamofireImage.framework; path = Carthage/Build/iOS/AlamofireImage.framework; sourceTree = "<group>"; };
		9E5F9DEC1DD9BFEF00FE0F4B /* VisualRecognition.app */ = {isa = PBXFileReference; explicitFileType = wrapper.application; includeInIndex = 0; path = VisualRecognition.app; sourceTree = BUILT_PRODUCTS_DIR; };
		9E5F9DEF1DD9BFEF00FE0F4B /* AppDelegate.swift */ = {isa = PBXFileReference; lastKnownFileType = sourcecode.swift; path = AppDelegate.swift; sourceTree = "<group>"; };
		9E5F9DF11DD9BFEF00FE0F4B /* ViewController.swift */ = {isa = PBXFileReference; lastKnownFileType = sourcecode.swift; path = ViewController.swift; sourceTree = "<group>"; };
		9E5F9DF41DD9BFEF00FE0F4B /* Base */ = {isa = PBXFileReference; lastKnownFileType = file.storyboard; name = Base; path = Base.lproj/Main.storyboard; sourceTree = "<group>"; };
		9E5F9DF61DD9BFEF00FE0F4B /* Assets.xcassets */ = {isa = PBXFileReference; lastKnownFileType = folder.assetcatalog; path = Assets.xcassets; sourceTree = "<group>"; };
		9E5F9DF91DD9BFEF00FE0F4B /* Base */ = {isa = PBXFileReference; lastKnownFileType = file.storyboard; name = Base; path = Base.lproj/LaunchScreen.storyboard; sourceTree = "<group>"; };
		9E5F9DFB1DD9BFEF00FE0F4B /* Info.plist */ = {isa = PBXFileReference; lastKnownFileType = text.plist.xml; path = Info.plist; sourceTree = "<group>"; };
		9E5F9E0A1DD9C8E400FE0F4B /* VisualRecognitionV3.framework */ = {isa = PBXFileReference; lastKnownFileType = wrapper.framework; name = VisualRecognitionV3.framework; path = Carthage/Build/iOS/VisualRecognitionV3.framework; sourceTree = "<group>"; };
		9E5F9E0E1DD9C92500FE0F4B /* RestKit.framework */ = {isa = PBXFileReference; lastKnownFileType = wrapper.framework; name = RestKit.framework; path = Carthage/Build/iOS/RestKit.framework; sourceTree = "<group>"; };
/* End PBXFileReference section */

/* Begin PBXFrameworksBuildPhase section */
		9E5F9DE91DD9BFEF00FE0F4B /* Frameworks */ = {
			isa = PBXFrameworksBuildPhase;
			buildActionMask = 2147483647;
			files = (
				9E5F9E0B1DD9C8E400FE0F4B /* VisualRecognitionV3.framework in Frameworks */,
				9E5F9E0F1DD9C92500FE0F4B /* RestKit.framework in Frameworks */,
				9E3144831DD9E72700342EBB /* Alamofire.framework in Frameworks */,
				9E3144861DDA144900342EBB /* AlamofireImage.framework in Frameworks */,
			);
			runOnlyForDeploymentPostprocessing = 0;
		};
/* End PBXFrameworksBuildPhase section */

/* Begin PBXGroup section */
		9E5F9DE31DD9BFEF00FE0F4B = {
			isa = PBXGroup;
			children = (
				9E3144851DDA144900342EBB /* AlamofireImage.framework */,
				9E3144821DD9E72700342EBB /* Alamofire.framework */,
				9E5F9E0E1DD9C92500FE0F4B /* RestKit.framework */,
				9E5F9E0A1DD9C8E400FE0F4B /* VisualRecognitionV3.framework */,
				9E5F9DEE1DD9BFEF00FE0F4B /* VisualRecognition */,
				9E5F9DED1DD9BFEF00FE0F4B /* Products */,
				9E5F9E121DD9D26400FE0F4B /* Frameworks */,
			);
			sourceTree = "<group>";
		};
		9E5F9DED1DD9BFEF00FE0F4B /* Products */ = {
			isa = PBXGroup;
			children = (
				9E5F9DEC1DD9BFEF00FE0F4B /* VisualRecognition.app */,
			);
			name = Products;
			sourceTree = "<group>";
		};
		9E5F9DEE1DD9BFEF00FE0F4B /* VisualRecognition */ = {
			isa = PBXGroup;
			children = (
				9E5F9DEF1DD9BFEF00FE0F4B /* AppDelegate.swift */,
				9E5F9DF11DD9BFEF00FE0F4B /* ViewController.swift */,
				9E5F9DF31DD9BFEF00FE0F4B /* Main.storyboard */,
				9E5F9DF61DD9BFEF00FE0F4B /* Assets.xcassets */,
				9E5F9DF81DD9BFEF00FE0F4B /* LaunchScreen.storyboard */,
				9E5F9DFB1DD9BFEF00FE0F4B /* Info.plist */,
			);
			path = VisualRecognition;
			sourceTree = "<group>";
		};
		9E5F9E121DD9D26400FE0F4B /* Frameworks */ = {
			isa = PBXGroup;
			children = (
			);
			name = Frameworks;
			sourceTree = "<group>";
		};
/* End PBXGroup section */

/* Begin PBXNativeTarget section */
		9E5F9DEB1DD9BFEF00FE0F4B /* VisualRecognition */ = {
			isa = PBXNativeTarget;
			buildConfigurationList = 9E5F9DFE1DD9BFEF00FE0F4B /* Build configuration list for PBXNativeTarget "VisualRecognition" */;
			buildPhases = (
				9E5F9DE81DD9BFEF00FE0F4B /* Sources */,
				9E5F9DE91DD9BFEF00FE0F4B /* Frameworks */,
				9E5F9DEA1DD9BFEF00FE0F4B /* Resources */,
				9E5F9E031DD9C52F00FE0F4B /* ShellScript */,
				9E5F9E0D1DD9C8E400FE0F4B /* Embed Frameworks */,
			);
			buildRules = (
			);
			dependencies = (
			);
			name = VisualRecognition;
			productName = VisualRecognition;
			productReference = 9E5F9DEC1DD9BFEF00FE0F4B /* VisualRecognition.app */;
			productType = "com.apple.product-type.application";
		};
/* End PBXNativeTarget section */

/* Begin PBXProject section */
		9E5F9DE41DD9BFEF00FE0F4B /* Project object */ = {
			isa = PBXProject;
			attributes = {
				LastSwiftUpdateCheck = 0810;
				LastUpgradeCheck = 0810;
				ORGANIZATIONNAME = "Brian Advent";
				TargetAttributes = {
					9E5F9DEB1DD9BFEF00FE0F4B = {
						CreatedOnToolsVersion = 8.1;
						DevelopmentTeam = SBWZW765RG;
						ProvisioningStyle = Automatic;
						SystemCapabilities = {
							com.apple.Push = {
								enabled = 0;
							};
							com.apple.iCloud = {
								enabled = 0;
							};
						};
					};
				};
			};
			buildConfigurationList = 9E5F9DE71DD9BFEF00FE0F4B /* Build configuration list for PBXProject "VisualRecognition" */;
			compatibilityVersion = "Xcode 3.2";
			developmentRegion = English;
			hasScannedForEncodings = 0;
			knownRegions = (
				en,
				Base,
			);
			mainGroup = 9E5F9DE31DD9BFEF00FE0F4B;
			productRefGroup = 9E5F9DED1DD9BFEF00FE0F4B /* Products */;
			projectDirPath = "";
			projectRoot = "";
			targets = (
				9E5F9DEB1DD9BFEF00FE0F4B /* VisualRecognition */,
			);
		};
/* End PBXProject section */

/* Begin PBXResourcesBuildPhase section */
		9E5F9DEA1DD9BFEF00FE0F4B /* Resources */ = {
			isa = PBXResourcesBuildPhase;
			buildActionMask = 2147483647;
			files = (
				9E5F9DFA1DD9BFEF00FE0F4B /* LaunchScreen.storyboard in Resources */,
				9E5F9DF71DD9BFEF00FE0F4B /* Assets.xcassets in Resources */,
				9E5F9DF51DD9BFEF00FE0F4B /* Main.storyboard in Resources */,
			);
			runOnlyForDeploymentPostprocessing = 0;
		};
/* End PBXResourcesBuildPhase section */

/* Begin PBXShellScriptBuildPhase section */
		9E5F9E031DD9C52F00FE0F4B /* ShellScript */ = {
			isa = PBXShellScriptBuildPhase;
			buildActionMask = 2147483647;
			files = (
			);
			inputPaths = (
				"$(SRCROOT)/Carthage/Build/iOS/VisualRecognitionV3.framework",
			);
			outputPaths = (
			);
			runOnlyForDeploymentPostprocessing = 0;
			shellPath = /bin/sh;
			shellScript = "/usr/local/bin/carthage copy-frameworks";
		};
/* End PBXShellScriptBuildPhase section */

/* Begin PBXSourcesBuildPhase section */
		9E5F9DE81DD9BFEF00FE0F4B /* Sources */ = {
			isa = PBXSourcesBuildPhase;
			buildActionMask = 2147483647;
			files = (
				9E5F9DF21DD9BFEF00FE0F4B /* ViewController.swift in Sources */,
				9E5F9DF01DD9BFEF00FE0F4B /* AppDelegate.swift in Sources */,
			);
			runOnlyForDeploymentPostprocessing = 0;
		};
/* End PBXSourcesBuildPhase section */

/* Begin PBXVariantGroup section */
		9E5F9DF31DD9BFEF00FE0F4B /* Main.storyboard */ = {
			isa = PBXVariantGroup;
			children = (
				9E5F9DF41DD9BFEF00FE0F4B /* Base */,
			);
			name = Main.storyboard;
			sourceTree = "<group>";
		};
		9E5F9DF81DD9BFEF00FE0F4B /* LaunchScreen.storyboard */ = {
			isa = PBXVariantGroup;
			children = (
				9E5F9DF91DD9BFEF00FE0F4B /* Base */,
			);
			name = LaunchScreen.storyboard;
			sourceTree = "<group>";
		};
/* End PBXVariantGroup section */

/* Begin XCBuildConfiguration section */
		9E5F9DFC1DD9BFEF00FE0F4B /* Debug */ = {
			isa = XCBuildConfiguration;
			buildSettings = {
				ALWAYS_SEARCH_USER_PATHS = NO;
				CLANG_ANALYZER_NONNULL = YES;
				CLANG_CXX_LANGUAGE_STANDARD = "gnu++0x";
				CLANG_CXX_LIBRARY = "libc++";
				CLANG_ENABLE_MODULES = YES;
				CLANG_ENABLE_OBJC_ARC = YES;
				CLANG_WARN_BOOL_CONVERSION = YES;
				CLANG_WARN_CONSTANT_CONVERSION = YES;
				CLANG_WARN_DIRECT_OBJC_ISA_USAGE = YES_ERROR;
				CLANG_WARN_DOCUMENTATION_COMMENTS = YES;
				CLANG_WARN_EMPTY_BODY = YES;
				CLANG_WARN_ENUM_CONVERSION = YES;
				CLANG_WARN_INFINITE_RECURSION = YES;
				CLANG_WARN_INT_CONVERSION = YES;
				CLANG_WARN_OBJC_ROOT_CLASS = YES_ERROR;
				CLANG_WARN_SUSPICIOUS_MOVES = YES;
				CLANG_WARN_UNREACHABLE_CODE = YES;
				CLANG_WARN__DUPLICATE_METHOD_MATCH = YES;
				"CODE_SIGN_IDENTITY[sdk=iphoneos*]" = "iPhone Developer";
				COPY_PHASE_STRIP = NO;
				DEBUG_INFORMATION_FORMAT = dwarf;
				ENABLE_BITCODE = YES;
				ENABLE_STRICT_OBJC_MSGSEND = YES;
				ENABLE_TESTABILITY = YES;
				GCC_C_LANGUAGE_STANDARD = gnu99;
				GCC_DYNAMIC_NO_PIC = NO;
				GCC_NO_COMMON_BLOCKS = YES;
				GCC_OPTIMIZATION_LEVEL = 0;
				GCC_PREPROCESSOR_DEFINITIONS = (
					"DEBUG=1",
					"$(inherited)",
				);
				GCC_WARN_64_TO_32_BIT_CONVERSION = YES;
				GCC_WARN_ABOUT_RETURN_TYPE = YES_ERROR;
				GCC_WARN_UNDECLARED_SELECTOR = YES;
				GCC_WARN_UNINITIALIZED_AUTOS = YES_AGGRESSIVE;
				GCC_WARN_UNUSED_FUNCTION = YES;
				GCC_WARN_UNUSED_VARIABLE = YES;
				IPHONEOS_DEPLOYMENT_TARGET = 10.1;
				MTL_ENABLE_DEBUG_INFO = YES;
				ONLY_ACTIVE_ARCH = YES;
				SDKROOT = iphoneos;
				SWIFT_ACTIVE_COMPILATION_CONDITIONS = DEBUG;
				SWIFT_OPTIMIZATION_LEVEL = "-Onone";
			};
			name = Debug;
		};
		9E5F9DFD1DD9BFEF00FE0F4B /* Release */ = {
			isa = XCBuildConfiguration;
			buildSettings = {
				ALWAYS_SEARCH_USER_PATHS = NO;
				CLANG_ANALYZER_NONNULL = YES;
				CLANG_CXX_LANGUAGE_STANDARD = "gnu++0x";
				CLANG_CXX_LIBRARY = "libc++";
				CLANG_ENABLE_MODULES = YES;
				CLANG_ENABLE_OBJC_ARC = YES;
				CLANG_WARN_BOOL_CONVERSION = YES;
				CLANG_WARN_CONSTANT_CONVERSION = YES;
				CLANG_WARN_DIRECT_OBJC_ISA_USAGE = YES_ERROR;
				CLANG_WARN_DOCUMENTATION_COMMENTS = YES;
				CLANG_WARN_EMPTY_BODY = YES;
				CLANG_WARN_ENUM_CONVERSION = YES;
				CLANG_WARN_INFINITE_RECURSION = YES;
				CLANG_WARN_INT_CONVERSION = YES;
				CLANG_WARN_OBJC_ROOT_CLASS = YES_ERROR;
				CLANG_WARN_SUSPICIOUS_MOVES = YES;
				CLANG_WARN_UNREACHABLE_CODE = YES;
				CLANG_WARN__DUPLICATE_METHOD_MATCH = YES;
				"CODE_SIGN_IDENTITY[sdk=iphoneos*]" = "iPhone Developer";
				COPY_PHASE_STRIP = NO;
				DEBUG_INFORMATION_FORMAT = "dwarf-with-dsym";
				ENABLE_BITCODE = YES;
				ENABLE_NS_ASSERTIONS = NO;
				ENABLE_STRICT_OBJC_MSGSEND = YES;
				GCC_C_LANGUAGE_STANDARD = gnu99;
				GCC_NO_COMMON_BLOCKS = YES;
				GCC_WARN_64_TO_32_BIT_CONVERSION = YES;
				GCC_WARN_ABOUT_RETURN_TYPE = YES_ERROR;
				GCC_WARN_UNDECLARED_SELECTOR = YES;
				GCC_WARN_UNINITIALIZED_AUTOS = YES_AGGRESSIVE;
				GCC_WARN_UNUSED_FUNCTION = YES;
				GCC_WARN_UNUSED_VARIABLE = YES;
				IPHONEOS_DEPLOYMENT_TARGET = 10.1;
				MTL_ENABLE_DEBUG_INFO = NO;
				SDKROOT = iphoneos;
				SWIFT_OPTIMIZATION_LEVEL = "-Owholemodule";
				VALIDATE_PRODUCT = YES;
			};
			name = Release;
		};
		9E5F9DFF1DD9BFEF00FE0F4B /* Debug */ = {
			isa = XCBuildConfiguration;
			buildSettings = {
				ASSETCATALOG_COMPILER_APPICON_NAME = AppIcon;
				DEVELOPMENT_TEAM = SBWZW765RG;
				ENABLE_BITCODE = YES;
				FRAMEWORK_SEARCH_PATHS = (
					"$(inherited)",
					"$(PROJECT_DIR)/VisualRecognition",
					"$(PROJECT_DIR)/Carthage/Build/iOS",
				);
				INFOPLIST_FILE = VisualRecognition/Info.plist;
				LD_RUNPATH_SEARCH_PATHS = "$(inherited) @executable_path/Frameworks";
				PRODUCT_BUNDLE_IDENTIFIER = com.brianadvent.VisualRecognition;
				PRODUCT_NAME = "$(TARGET_NAME)";
				SWIFT_VERSION = 3.0;
			};
			name = Debug;
		};
		9E5F9E001DD9BFEF00FE0F4B /* Release */ = {
			isa = XCBuildConfiguration;
			buildSettings = {
				ASSETCATALOG_COMPILER_APPICON_NAME = AppIcon;
				DEVELOPMENT_TEAM = SBWZW765RG;
				ENABLE_BITCODE = YES;
				FRAMEWORK_SEARCH_PATHS = (
					"$(inherited)",
					"$(PROJECT_DIR)/VisualRecognition",
					"$(PROJECT_DIR)/Carthage/Build/iOS",
				);
				INFOPLIST_FILE = VisualRecognition/Info.plist;
				LD_RUNPATH_SEARCH_PATHS = "$(inherited) @executable_path/Frameworks";
				PRODUCT_BUNDLE_IDENTIFIER = com.brianadvent.VisualRecognition;
				PRODUCT_NAME = "$(TARGET_NAME)";
				SWIFT_VERSION = 3.0;
			};
			name = Release;
		};
/* End XCBuildConfiguration section */

/* Begin XCConfigurationList section */
		9E5F9DE71DD9BFEF00FE0F4B /* Build configuration list for PBXProject "VisualRecognition" */ = {
			isa = XCConfigurationList;
			buildConfigurations = (
				9E5F9DFC1DD9BFEF00FE0F4B /* Debug */,
				9E5F9DFD1DD9BFEF00FE0F4B /* Release */,
			);
			defaultConfigurationIsVisible = 0;
			defaultConfigurationName = Release;
		};
		9E5F9DFE1DD9BFEF00FE0F4B /* Build configuration list for PBXNativeTarget "VisualRecognition" */ = {
			isa = XCConfigurationList;
			buildConfigurations = (
				9E5F9DFF1DD9BFEF00FE0F4B /* Debug */,
				9E5F9E001DD9BFEF00FE0F4B /* Release */,
			);
			defaultConfigurationIsVisible = 0;
			defaultConfigurationName = Release;
		};
/* End XCConfigurationList section */
	};
	rootObject = 9E5F9DE41DD9BFEF00FE0F4B /* Project object */;
}
